
Microsoft Visual Studio Solution File, Format Version 12.00
# Visual Studio Version 17
VisualStudioVersion = 17.10.35004.147
MinimumVisualStudioVersion = 10.0.40219.1
Project("{FAE04EC0-301F-11D3-BF4B-00C04F79EFBC}") = "MyAPI", "MyAPI\MyAPI.csproj", "{BC2A1B41-6AD5-4F20-9187-5AE13E21F59F}"
EndProject
Global
	GlobalSection(SolutionConfigurationPlatforms) = preSolution
		Debug|Any CPU = Debug|Any CPU
		Release|Any CPU = Release|Any CPU
	EndGlobalSection
	GlobalSection(ProjectConfigurationPlatforms) = postSolution
		{BC2A1B41-6AD5-4F20-9187-5AE13E21F59F}.Debug|Any CPU.ActiveCfg = Debug|Any CPU
		{BC2A1B41-6AD5-4F20-9187-5AE13E21F59F}.Debug|Any CPU.Build.0 = Debug|Any CPU
		{BC2A1B41-6AD5-4F20-9187-5AE13E21F59F}.Release|Any CPU.ActiveCfg = Release|Any CPU
		{BC2A1B41-6AD5-4F20-9187-5AE13E21F59F}.Release|Any CPU.Build.0 = Release|Any CPU
	EndGlobalSection
	GlobalSection(SolutionProperties) = preSolution
		HideSolutionNode = FALSE
	EndGlobalSection
	GlobalSection(ExtensibilityGlobals) = postSolution
		SolutionGuid = {D67F0506-3E24-48D9-B42B-1EBD54B646F8}
	EndGlobalSection
EndGlobal
